// !$*UTF8*$!
{
	archiveVersion = 1;
	classes = {
	};
	objectVersion = 46;
	objects = {

/* Begin PBXBuildFile section */
		5C52697B1BD057C00014DE21 /* main.m in Sources */ = {isa = PBXBuildFile; fileRef = 5C52697A1BD057C00014DE21 /* main.m */; };
		5C5269861BD057C00014DE21 /* Assets.xcassets in Resources */ = {isa = PBXBuildFile; fileRef = 5C5269851BD057C00014DE21 /* Assets.xcassets */; };
		5C5269941BD057C00014DE21 /* BlogosphereTests.m in Sources */ = {isa = PBXBuildFile; fileRef = 5C5269931BD057C00014DE21 /* BlogosphereTests.m */; };
		5C52699F1BD057C00014DE21 /* BlogosphereUITests.m in Sources */ = {isa = PBXBuildFile; fileRef = 5C52699E1BD057C00014DE21 /* BlogosphereUITests.m */; };
		5C5269AE1BD05A100014DE21 /* AppDelegate.m in Sources */ = {isa = PBXBuildFile; fileRef = 5C5269AD1BD05A100014DE21 /* AppDelegate.m */; settings = {ASSET_TAGS = (); }; };
		5C5269AF1BD05A100014DE21 /* AppDelegate.m in Sources */ = {isa = PBXBuildFile; fileRef = 5C5269AD1BD05A100014DE21 /* AppDelegate.m */; settings = {ASSET_TAGS = (); }; };
		5C5269B01BD05A100014DE21 /* AppDelegate.m in Sources */ = {isa = PBXBuildFile; fileRef = 5C5269AD1BD05A100014DE21 /* AppDelegate.m */; settings = {ASSET_TAGS = (); }; };
		5C5269B31BD05A790014DE21 /* BlogPost.m in Sources */ = {isa = PBXBuildFile; fileRef = 5C5269B21BD05A790014DE21 /* BlogPost.m */; settings = {ASSET_TAGS = (); }; };
		5C5269B41BD05A790014DE21 /* BlogPost.m in Sources */ = {isa = PBXBuildFile; fileRef = 5C5269B21BD05A790014DE21 /* BlogPost.m */; settings = {ASSET_TAGS = (); }; };
		5C5269B51BD05A790014DE21 /* BlogPost.m in Sources */ = {isa = PBXBuildFile; fileRef = 5C5269B21BD05A790014DE21 /* BlogPost.m */; settings = {ASSET_TAGS = (); }; };
		5C5269B71BD05B190014DE21 /* MainStoryboard.storyboard in Resources */ = {isa = PBXBuildFile; fileRef = 5C5269B61BD05B190014DE21 /* MainStoryboard.storyboard */; settings = {ASSET_TAGS = (); }; };
		5C5269B81BD05B190014DE21 /* MainStoryboard.storyboard in Resources */ = {isa = PBXBuildFile; fileRef = 5C5269B61BD05B190014DE21 /* MainStoryboard.storyboard */; settings = {ASSET_TAGS = (); }; };
		5C5269B91BD05B190014DE21 /* MainStoryboard.storyboard in Resources */ = {isa = PBXBuildFile; fileRef = 5C5269B61BD05B190014DE21 /* MainStoryboard.storyboard */; settings = {ASSET_TAGS = (); }; };
		5C5269BE1BD05C580014DE21 /* Default-568h@2x.png in Resources */ = {isa = PBXBuildFile; fileRef = 5C5269BA1BD05C580014DE21 /* Default-568h@2x.png */; settings = {ASSET_TAGS = (); }; };
		5C5269BF1BD05C580014DE21 /* Default-568h@2x.png in Resources */ = {isa = PBXBuildFile; fileRef = 5C5269BA1BD05C580014DE21 /* Default-568h@2x.png */; settings = {ASSET_TAGS = (); }; };
		5C5269C01BD05C580014DE21 /* Default-568h@2x.png in Resources */ = {isa = PBXBuildFile; fileRef = 5C5269BA1BD05C580014DE21 /* Default-568h@2x.png */; settings = {ASSET_TAGS = (); }; };
		5C5269C11BD05C580014DE21 /* Default.png in Resources */ = {isa = PBXBuildFile; fileRef = 5C5269BB1BD05C580014DE21 /* Default.png */; settings = {ASSET_TAGS = (); }; };
		5C5269C21BD05C580014DE21 /* Default.png in Resources */ = {isa = PBXBuildFile; fileRef = 5C5269BB1BD05C580014DE21 /* Default.png */; settings = {ASSET_TAGS = (); }; };
		5C5269C31BD05C580014DE21 /* Default.png in Resources */ = {isa = PBXBuildFile; fileRef = 5C5269BB1BD05C580014DE21 /* Default.png */; settings = {ASSET_TAGS = (); }; };
		5C5269C41BD05C580014DE21 /* Default@2x.png in Resources */ = {isa = PBXBuildFile; fileRef = 5C5269BC1BD05C580014DE21 /* Default@2x.png */; settings = {ASSET_TAGS = (); }; };
		5C5269C51BD05C580014DE21 /* Default@2x.png in Resources */ = {isa = PBXBuildFile; fileRef = 5C5269BC1BD05C580014DE21 /* Default@2x.png */; settings = {ASSET_TAGS = (); }; };
		5C5269C61BD05C580014DE21 /* Default@2x.png in Resources */ = {isa = PBXBuildFile; fileRef = 5C5269BC1BD05C580014DE21 /* Default@2x.png */; settings = {ASSET_TAGS = (); }; };
		5C5269C71BD05C580014DE21 /* treehouse.png in Resources */ = {isa = PBXBuildFile; fileRef = 5C5269BD1BD05C580014DE21 /* treehouse.png */; settings = {ASSET_TAGS = (); }; };
		5C5269C81BD05C580014DE21 /* treehouse.png in Resources */ = {isa = PBXBuildFile; fileRef = 5C5269BD1BD05C580014DE21 /* treehouse.png */; settings = {ASSET_TAGS = (); }; };
		5C5269C91BD05C580014DE21 /* treehouse.png in Resources */ = {isa = PBXBuildFile; fileRef = 5C5269BD1BD05C580014DE21 /* treehouse.png */; settings = {ASSET_TAGS = (); }; };
		5C5269CC1BD05C850014DE21 /* TableViewController.m in Sources */ = {isa = PBXBuildFile; fileRef = 5C5269CB1BD05C850014DE21 /* TableViewController.m */; settings = {ASSET_TAGS = (); }; };
		5C5269CD1BD05C850014DE21 /* TableViewController.m in Sources */ = {isa = PBXBuildFile; fileRef = 5C5269CB1BD05C850014DE21 /* TableViewController.m */; settings = {ASSET_TAGS = (); }; };
		5C5269CE1BD05C850014DE21 /* TableViewController.m in Sources */ = {isa = PBXBuildFile; fileRef = 5C5269CB1BD05C850014DE21 /* TableViewController.m */; settings = {ASSET_TAGS = (); }; };
		5C5269D11BD05CE70014DE21 /* WebViewController.m in Sources */ = {isa = PBXBuildFile; fileRef = 5C5269D01BD05CE70014DE21 /* WebViewController.m */; settings = {ASSET_TAGS = (); }; };
		5C5269D21BD05CE70014DE21 /* WebViewController.m in Sources */ = {isa = PBXBuildFile; fileRef = 5C5269D01BD05CE70014DE21 /* WebViewController.m */; settings = {ASSET_TAGS = (); }; };
		5C5269D31BD05CE70014DE21 /* WebViewController.m in Sources */ = {isa = PBXBuildFile; fileRef = 5C5269D01BD05CE70014DE21 /* WebViewController.m */; settings = {ASSET_TAGS = (); }; };
		5C5269D51BD05DA10014DE21 /* UIKit.framework in Frameworks */ = {isa = PBXBuildFile; fileRef = 5C5269D41BD05DA10014DE21 /* UIKit.framework */; };
		5C5269D81BD05DC60014DE21 /* Foundation.framework in Frameworks */ = {isa = PBXBuildFile; fileRef = 5C5269D71BD05DC60014DE21 /* Foundation.framework */; };
		5C5269DA1BD05DCF0014DE21 /* CoreGraphics.framework in Frameworks */ = {isa = PBXBuildFile; fileRef = 5C5269D91BD05DCF0014DE21 /* CoreGraphics.framework */; };
/* End PBXBuildFile section */

/* Begin PBXContainerItemProxy section */
		5C5269901BD057C00014DE21 /* PBXContainerItemProxy */ = {
			isa = PBXContainerItemProxy;
			containerPortal = 5C52696E1BD057C00014DE21 /* Project object */;
			proxyType = 1;
			remoteGlobalIDString = 5C5269751BD057C00014DE21;
			remoteInfo = Blogosphere;
		};
		5C52699B1BD057C00014DE21 /* PBXContainerItemProxy */ = {
			isa = PBXContainerItemProxy;
			containerPortal = 5C52696E1BD057C00014DE21 /* Project object */;
			proxyType = 1;
			remoteGlobalIDString = 5C5269751BD057C00014DE21;
			remoteInfo = Blogosphere;
		};
/* End PBXContainerItemProxy section */

/* Begin PBXFileReference section */
		5C5269761BD057C00014DE21 /* Blogosphere.app */ = {isa = PBXFileReference; explicitFileType = wrapper.application; includeInIndex = 0; path = Blogosphere.app; sourceTree = BUILT_PRODUCTS_DIR; };
		5C52697A1BD057C00014DE21 /* main.m */ = {isa = PBXFileReference; lastKnownFileType = sourcecode.c.objc; path = main.m; sourceTree = "<group>"; };
		5C5269851BD057C00014DE21 /* Assets.xcassets */ = {isa = PBXFileReference; lastKnownFileType = folder.assetcatalog; path = Assets.xcassets; sourceTree = "<group>"; };
		5C52698A1BD057C00014DE21 /* Info.plist */ = {isa = PBXFileReference; lastKnownFileType = text.plist.xml; path = Info.plist; sourceTree = "<group>"; };
		5C52698F1BD057C00014DE21 /* BlogosphereTests.xctest */ = {isa = PBXFileReference; explicitFileType = wrapper.cfbundle; includeInIndex = 0; path = BlogosphereTests.xctest; sourceTree = BUILT_PRODUCTS_DIR; };
		5C5269931BD057C00014DE21 /* BlogosphereTests.m */ = {isa = PBXFileReference; lastKnownFileType = sourcecode.c.objc; path = BlogosphereTests.m; sourceTree = "<group>"; };
		5C5269951BD057C00014DE21 /* Info.plist */ = {isa = PBXFileReference; lastKnownFileType = text.plist.xml; path = Info.plist; sourceTree = "<group>"; };
		5C52699A1BD057C00014DE21 /* BlogosphereUITests.xctest */ = {isa = PBXFileReference; explicitFileType = wrapper.cfbundle; includeInIndex = 0; path = BlogosphereUITests.xctest; sourceTree = BUILT_PRODUCTS_DIR; };
		5C52699E1BD057C00014DE21 /* BlogosphereUITests.m */ = {isa = PBXFileReference; lastKnownFileType = sourcecode.c.objc; path = BlogosphereUITests.m; sourceTree = "<group>"; };
		5C5269A01BD057C00014DE21 /* Info.plist */ = {isa = PBXFileReference; lastKnownFileType = text.plist.xml; path = Info.plist; sourceTree = "<group>"; };
		5C5269AC1BD05A100014DE21 /* AppDelegate.h */ = {isa = PBXFileReference; fileEncoding = 4; lastKnownFileType = sourcecode.c.h; path = AppDelegate.h; sourceTree = "<group>"; };
		5C5269AD1BD05A100014DE21 /* AppDelegate.m */ = {isa = PBXFileReference; fileEncoding = 4; lastKnownFileType = sourcecode.c.objc; path = AppDelegate.m; sourceTree = "<group>"; };
		5C5269B11BD05A790014DE21 /* BlogPost.h */ = {isa = PBXFileReference; fileEncoding = 4; lastKnownFileType = sourcecode.c.h; path = BlogPost.h; sourceTree = "<group>"; };
		5C5269B21BD05A790014DE21 /* BlogPost.m */ = {isa = PBXFileReference; fileEncoding = 4; lastKnownFileType = sourcecode.c.objc; path = BlogPost.m; sourceTree = "<group>"; };
		5C5269B61BD05B190014DE21 /* MainStoryboard.storyboard */ = {isa = PBXFileReference; fileEncoding = 4; lastKnownFileType = file.storyboard; path = MainStoryboard.storyboard; sourceTree = "<group>"; };
		5C5269BA1BD05C580014DE21 /* Default-568h@2x.png */ = {isa = PBXFileReference; lastKnownFileType = image.png; path = "Default-568h@2x.png"; sourceTree = "<group>"; };
		5C5269BB1BD05C580014DE21 /* Default.png */ = {isa = PBXFileReference; lastKnownFileType = image.png; path = Default.png; sourceTree = "<group>"; };
		5C5269BC1BD05C580014DE21 /* Default@2x.png */ = {isa = PBXFileReference; lastKnownFileType = image.png; path = "Default@2x.png"; sourceTree = "<group>"; };
		5C5269BD1BD05C580014DE21 /* treehouse.png */ = {isa = PBXFileReference; lastKnownFileType = image.png; path = treehouse.png; sourceTree = "<group>"; };
		5C5269CA1BD05C850014DE21 /* TableViewController.h */ = {isa = PBXFileReference; fileEncoding = 4; lastKnownFileType = sourcecode.c.h; path = TableViewController.h; sourceTree = "<group>"; };
		5C5269CB1BD05C850014DE21 /* TableViewController.m */ = {isa = PBXFileReference; fileEncoding = 4; lastKnownFileType = sourcecode.c.objc; path = TableViewController.m; sourceTree = "<group>"; };
		5C5269CF1BD05CE70014DE21 /* WebViewController.h */ = {isa = PBXFileReference; fileEncoding = 4; lastKnownFileType = sourcecode.c.h; path = WebViewController.h; sourceTree = "<group>"; };
		5C5269D01BD05CE70014DE21 /* WebViewController.m */ = {isa = PBXFileReference; fileEncoding = 4; lastKnownFileType = sourcecode.c.objc; path = WebViewController.m; sourceTree = "<group>"; };
		5C5269D41BD05DA10014DE21 /* UIKit.framework */ = {isa = PBXFileReference; lastKnownFileType = wrapper.framework; name = UIKit.framework; path = System/Library/Frameworks/UIKit.framework; sourceTree = SDKROOT; };
		5C5269D71BD05DC60014DE21 /* Foundation.framework */ = {isa = PBXFileReference; lastKnownFileType = wrapper.framework; name = Foundation.framework; path = System/Library/Frameworks/Foundation.framework; sourceTree = SDKROOT; };
		5C5269D91BD05DCF0014DE21 /* CoreGraphics.framework */ = {isa = PBXFileReference; lastKnownFileType = wrapper.framework; name = CoreGraphics.framework; path = System/Library/Frameworks/CoreGraphics.framework; sourceTree = SDKROOT; };
/* End PBXFileReference section */

/* Begin PBXFrameworksBuildPhase section */
		5C5269731BD057C00014DE21 /* Frameworks */ = {
			isa = PBXFrameworksBuildPhase;
			buildActionMask = 2147483647;
			files = (
				5C5269DA1BD05DCF0014DE21 /* CoreGraphics.framework in Frameworks */,
				5C5269D81BD05DC60014DE21 /* Foundation.framework in Frameworks */,
				5C5269D51BD05DA10014DE21 /* UIKit.framework in Frameworks */,
			);
			runOnlyForDeploymentPostprocessing = 0;
		};
		5C52698C1BD057C00014DE21 /* Frameworks */ = {
			isa = PBXFrameworksBuildPhase;
			buildActionMask = 2147483647;
			files = (
			);
			runOnlyForDeploymentPostprocessing = 0;
		};
		5C5269971BD057C00014DE21 /* Frameworks */ = {
			isa = PBXFrameworksBuildPhase;
			buildActionMask = 2147483647;
			files = (
			);
			runOnlyForDeploymentPostprocessing = 0;
		};
/* End PBXFrameworksBuildPhase section */

/* Begin PBXGroup section */
		5C52696D1BD057C00014DE21 = {
			isa = PBXGroup;
			children = (
				5C5269781BD057C00014DE21 /* Blogosphere */,
				5C5269921BD057C00014DE21 /* BlogosphereTests */,
				5C52699D1BD057C00014DE21 /* BlogosphereUITests */,
				5C5269D61BD05DAB0014DE21 /* Frameworks */,
				5C5269771BD057C00014DE21 /* Products */,
			);
			sourceTree = "<group>";
		};
		5C5269771BD057C00014DE21 /* Products */ = {
			isa = PBXGroup;
			children = (
				5C5269761BD057C00014DE21 /* Blogosphere.app */,
				5C52698F1BD057C00014DE21 /* BlogosphereTests.xctest */,
				5C52699A1BD057C00014DE21 /* BlogosphereUITests.xctest */,
			);
			name = Products;
			sourceTree = "<group>";
		};
		5C5269781BD057C00014DE21 /* Blogosphere */ = {
			isa = PBXGroup;
			children = (
				5C5269AC1BD05A100014DE21 /* AppDelegate.h */,
				5C5269AD1BD05A100014DE21 /* AppDelegate.m */,
				5C5269851BD057C00014DE21 /* Assets.xcassets */,
				5C5269B11BD05A790014DE21 /* BlogPost.h */,
				5C5269B21BD05A790014DE21 /* BlogPost.m */,
				5C52698A1BD057C00014DE21 /* Info.plist */,
				5C5269B61BD05B190014DE21 /* MainStoryboard.storyboard */,
				5C5269791BD057C00014DE21 /* Supporting Files */,
				5C5269CA1BD05C850014DE21 /* TableViewController.h */,
				5C5269CB1BD05C850014DE21 /* TableViewController.m */,
				5C5269CF1BD05CE70014DE21 /* WebViewController.h */,
				5C5269D01BD05CE70014DE21 /* WebViewController.m */,
			);
			path = Blogosphere;
			sourceTree = "<group>";
		};
		5C5269791BD057C00014DE21 /* Supporting Files */ = {
			isa = PBXGroup;
			children = (
				5C5269BA1BD05C580014DE21 /* Default-568h@2x.png */,
				5C5269BB1BD05C580014DE21 /* Default.png */,
				5C5269BC1BD05C580014DE21 /* Default@2x.png */,
				5C5269BD1BD05C580014DE21 /* treehouse.png */,
				5C52697A1BD057C00014DE21 /* main.m */,
			);
			name = "Supporting Files";
			sourceTree = "<group>";
		};
		5C5269921BD057C00014DE21 /* BlogosphereTests */ = {
			isa = PBXGroup;
			children = (
				5C5269931BD057C00014DE21 /* BlogosphereTests.m */,
				5C5269951BD057C00014DE21 /* Info.plist */,
			);
			path = BlogosphereTests;
			sourceTree = "<group>";
		};
		5C52699D1BD057C00014DE21 /* BlogosphereUITests */ = {
			isa = PBXGroup;
			children = (
				5C52699E1BD057C00014DE21 /* BlogosphereUITests.m */,
				5C5269A01BD057C00014DE21 /* Info.plist */,
			);
			path = BlogosphereUITests;
			sourceTree = "<group>";
		};
		5C5269D61BD05DAB0014DE21 /* Frameworks */ = {
			isa = PBXGroup;
			children = (
				5C5269D91BD05DCF0014DE21 /* CoreGraphics.framework */,
				5C5269D71BD05DC60014DE21 /* Foundation.framework */,
				5C5269D41BD05DA10014DE21 /* UIKit.framework */,
			);
			name = Frameworks;
			sourceTree = "<group>";
		};
/* End PBXGroup section */

/* Begin PBXNativeTarget section */
		5C5269751BD057C00014DE21 /* Blogosphere */ = {
			isa = PBXNativeTarget;
			buildConfigurationList = 5C5269A31BD057C00014DE21 /* Build configuration list for PBXNativeTarget "Blogosphere" */;
			buildPhases = (
				5C5269721BD057C00014DE21 /* Sources */,
				5C5269731BD057C00014DE21 /* Frameworks */,
				5C5269741BD057C00014DE21 /* Resources */,
			);
			buildRules = (
			);
			dependencies = (
			);
			name = Blogosphere;
			productName = Blogosphere;
			productReference = 5C5269761BD057C00014DE21 /* Blogosphere.app */;
			productType = "com.apple.product-type.application";
		};
		5C52698E1BD057C00014DE21 /* BlogosphereTests */ = {
			isa = PBXNativeTarget;
			buildConfigurationList = 5C5269A61BD057C00014DE21 /* Build configuration list for PBXNativeTarget "BlogosphereTests" */;
			buildPhases = (
				5C52698B1BD057C00014DE21 /* Sources */,
				5C52698C1BD057C00014DE21 /* Frameworks */,
				5C52698D1BD057C00014DE21 /* Resources */,
			);
			buildRules = (
			);
			dependencies = (
				5C5269911BD057C00014DE21 /* PBXTargetDependency */,
			);
			name = BlogosphereTests;
			productName = BlogosphereTests;
			productReference = 5C52698F1BD057C00014DE21 /* BlogosphereTests.xctest */;
			productType = "com.apple.product-type.bundle.unit-test";
		};
		5C5269991BD057C00014DE21 /* BlogosphereUITests */ = {
			isa = PBXNativeTarget;
			buildConfigurationList = 5C5269A91BD057C00014DE21 /* Build configuration list for PBXNativeTarget "BlogosphereUITests" */;
			buildPhases = (
				5C5269961BD057C00014DE21 /* Sources */,
				5C5269971BD057C00014DE21 /* Frameworks */,
				5C5269981BD057C00014DE21 /* Resources */,
			);
			buildRules = (
			);
			dependencies = (
				5C52699C1BD057C00014DE21 /* PBXTargetDependency */,
			);
			name = BlogosphereUITests;
			productName = BlogosphereUITests;
			productReference = 5C52699A1BD057C00014DE21 /* BlogosphereUITests.xctest */;
			productType = "com.apple.product-type.bundle.ui-testing";
		};
/* End PBXNativeTarget section */

/* Begin PBXProject section */
		5C52696E1BD057C00014DE21 /* Project object */ = {
			isa = PBXProject;
			attributes = {
				LastUpgradeCheck = 0700;
				ORGANIZATIONNAME = "Cotten Blackwell";
				TargetAttributes = {
					5C5269751BD057C00014DE21 = {
						CreatedOnToolsVersion = 7.0.1;
					};
					5C52698E1BD057C00014DE21 = {
						CreatedOnToolsVersion = 7.0.1;
						TestTargetID = 5C5269751BD057C00014DE21;
					};
					5C5269991BD057C00014DE21 = {
						CreatedOnToolsVersion = 7.0.1;
						TestTargetID = 5C5269751BD057C00014DE21;
					};
				};
			};
			buildConfigurationList = 5C5269711BD057C00014DE21 /* Build configuration list for PBXProject "Blogosphere" */;
			compatibilityVersion = "Xcode 3.2";
			developmentRegion = English;
			hasScannedForEncodings = 0;
			knownRegions = (
				en,
				Base,
			);
			mainGroup = 5C52696D1BD057C00014DE21;
			productRefGroup = 5C5269771BD057C00014DE21 /* Products */;
			projectDirPath = "";
			projectRoot = "";
			targets = (
				5C5269751BD057C00014DE21 /* Blogosphere */,
				5C52698E1BD057C00014DE21 /* BlogosphereTests */,
				5C5269991BD057C00014DE21 /* BlogosphereUITests */,
			);
		};
/* End PBXProject section */

/* Begin PBXResourcesBuildPhase section */
		5C5269741BD057C00014DE21 /* Resources */ = {
			isa = PBXResourcesBuildPhase;
			buildActionMask = 2147483647;
			files = (
				5C5269C71BD05C580014DE21 /* treehouse.png in Resources */,
				5C5269B71BD05B190014DE21 /* MainStoryboard.storyboard in Resources */,
				5C5269861BD057C00014DE21 /* Assets.xcassets in Resources */,
				5C5269C41BD05C580014DE21 /* Default@2x.png in Resources */,
				5C5269BE1BD05C580014DE21 /* Default-568h@2x.png in Resources */,
				5C5269C11BD05C580014DE21 /* Default.png in Resources */,
			);
			runOnlyForDeploymentPostprocessing = 0;
		};
		5C52698D1BD057C00014DE21 /* Resources */ = {
			isa = PBXResourcesBuildPhase;
			buildActionMask = 2147483647;
			files = (
				5C5269C51BD05C580014DE21 /* Default@2x.png in Resources */,
				5C5269C81BD05C580014DE21 /* treehouse.png in Resources */,
				5C5269B81BD05B190014DE21 /* MainStoryboard.storyboard in Resources */,
				5C5269C21BD05C580014DE21 /* Default.png in Resources */,
				5C5269BF1BD05C580014DE21 /* Default-568h@2x.png in Resources */,
			);
			runOnlyForDeploymentPostprocessing = 0;
		};
		5C5269981BD057C00014DE21 /* Resources */ = {
			isa = PBXResourcesBuildPhase;
			buildActionMask = 2147483647;
			files = (
				5C5269C61BD05C580014DE21 /* Default@2x.png in Resources */,
				5C5269C91BD05C580014DE21 /* treehouse.png in Resources */,
				5C5269B91BD05B190014DE21 /* MainStoryboard.storyboard in Resources */,
				5C5269C31BD05C580014DE21 /* Default.png in Resources */,
				5C5269C01BD05C580014DE21 /* Default-568h@2x.png in Resources */,
			);
			runOnlyForDeploymentPostprocessing = 0;
		};
/* End PBXResourcesBuildPhase section */

/* Begin PBXSourcesBuildPhase section */
		5C5269721BD057C00014DE21 /* Sources */ = {
			isa = PBXSourcesBuildPhase;
			buildActionMask = 2147483647;
			files = (
				5C5269AE1BD05A100014DE21 /* AppDelegate.m in Sources */,
				5C5269D11BD05CE70014DE21 /* WebViewController.m in Sources */,
				5C5269B31BD05A790014DE21 /* BlogPost.m in Sources */,
				5C52697B1BD057C00014DE21 /* main.m in Sources */,
				5C5269CC1BD05C850014DE21 /* TableViewController.m in Sources */,
			);
			runOnlyForDeploymentPostprocessing = 0;
		};
		5C52698B1BD057C00014DE21 /* Sources */ = {
			isa = PBXSourcesBuildPhase;
			buildActionMask = 2147483647;
			files = (
				5C5269AF1BD05A100014DE21 /* AppDelegate.m in Sources */,
				5C5269D21BD05CE70014DE21 /* WebViewController.m in Sources */,
				5C5269B41BD05A790014DE21 /* BlogPost.m in Sources */,
				5C5269941BD057C00014DE21 /* BlogosphereTests.m in Sources */,
				5C5269CD1BD05C850014DE21 /* TableViewController.m in Sources */,
			);
			runOnlyForDeploymentPostprocessing = 0;
		};
		5C5269961BD057C00014DE21 /* Sources */ = {
			isa = PBXSourcesBuildPhase;
			buildActionMask = 2147483647;
			files = (
				5C5269B01BD05A100014DE21 /* AppDelegate.m in Sources */,
				5C5269D31BD05CE70014DE21 /* WebViewController.m in Sources */,
				5C5269B51BD05A790014DE21 /* BlogPost.m in Sources */,
				5C52699F1BD057C00014DE21 /* BlogosphereUITests.m in Sources */,
				5C5269CE1BD05C850014DE21 /* TableViewController.m in Sources */,
			);
			runOnlyForDeploymentPostprocessing = 0;
		};
/* End PBXSourcesBuildPhase section */

/* Begin PBXTargetDependency section */
		5C5269911BD057C00014DE21 /* PBXTargetDependency */ = {
			isa = PBXTargetDependency;
			target = 5C5269751BD057C00014DE21 /* Blogosphere */;
			targetProxy = 5C5269901BD057C00014DE21 /* PBXContainerItemProxy */;
		};
		5C52699C1BD057C00014DE21 /* PBXTargetDependency */ = {
			isa = PBXTargetDependency;
			target = 5C5269751BD057C00014DE21 /* Blogosphere */;
			targetProxy = 5C52699B1BD057C00014DE21 /* PBXContainerItemProxy */;
		};
/* End PBXTargetDependency section */

/* Begin XCBuildConfiguration section */
		5C5269A11BD057C00014DE21 /* Debug */ = {
			isa = XCBuildConfiguration;
			buildSettings = {
				ALWAYS_SEARCH_USER_PATHS = NO;
				CLANG_CXX_LANGUAGE_STANDARD = "gnu++0x";
				CLANG_CXX_LIBRARY = "libc++";
				CLANG_ENABLE_MODULES = YES;
				CLANG_ENABLE_OBJC_ARC = YES;
				CLANG_WARN_BOOL_CONVERSION = YES;
				CLANG_WARN_CONSTANT_CONVERSION = YES;
				CLANG_WARN_DIRECT_OBJC_ISA_USAGE = YES_ERROR;
				CLANG_WARN_EMPTY_BODY = YES;
				CLANG_WARN_ENUM_CONVERSION = YES;
				CLANG_WARN_INT_CONVERSION = YES;
				CLANG_WARN_OBJC_ROOT_CLASS = YES_ERROR;
				CLANG_WARN_UNREACHABLE_CODE = YES;
				CLANG_WARN__DUPLICATE_METHOD_MATCH = YES;
				"CODE_SIGN_IDENTITY[sdk=iphoneos*]" = "iPhone Developer";
				COPY_PHASE_STRIP = NO;
				DEBUG_INFORMATION_FORMAT = dwarf;
				ENABLE_STRICT_OBJC_MSGSEND = YES;
				ENABLE_TESTABILITY = YES;
				GCC_C_LANGUAGE_STANDARD = gnu99;
				GCC_DYNAMIC_NO_PIC = NO;
				GCC_NO_COMMON_BLOCKS = YES;
				GCC_OPTIMIZATION_LEVEL = 0;
				GCC_PREPROCESSOR_DEFINITIONS = (
					"DEBUG=1",
					"$(inherited)",
				);
				GCC_WARN_64_TO_32_BIT_CONVERSION = YES;
				GCC_WARN_ABOUT_RETURN_TYPE = YES_ERROR;
				GCC_WARN_UNDECLARED_SELECTOR = YES;
				GCC_WARN_UNINITIALIZED_AUTOS = YES_AGGRESSIVE;
				GCC_WARN_UNUSED_FUNCTION = YES;
				GCC_WARN_UNUSED_VARIABLE = YES;
				IPHONEOS_DEPLOYMENT_TARGET = 9.0;
				MTL_ENABLE_DEBUG_INFO = YES;
				ONLY_ACTIVE_ARCH = YES;
				SDKROOT = iphoneos;
			};
			name = Debug;
		};
		5C5269A21BD057C00014DE21 /* Release */ = {
			isa = XCBuildConfiguration;
			buildSettings = {
				ALWAYS_SEARCH_USER_PATHS = NO;
				CLANG_CXX_LANGUAGE_STANDARD = "gnu++0x";
				CLANG_CXX_LIBRARY = "libc++";
				CLANG_ENABLE_MODULES = YES;
				CLANG_ENABLE_OBJC_ARC = YES;
				CLANG_WARN_BOOL_CONVERSION = YES;
				CLANG_WARN_CONSTANT_CONVERSION = YES;
				CLANG_WARN_DIRECT_OBJC_ISA_USAGE = YES_ERROR;
				CLANG_WARN_EMPTY_BODY = YES;
				CLANG_WARN_ENUM_CONVERSION = YES;
				CLANG_WARN_INT_CONVERSION = YES;
				CLANG_WARN_OBJC_ROOT_CLASS = YES_ERROR;
				CLANG_WARN_UNREACHABLE_CODE = YES;
				CLANG_WARN__DUPLICATE_METHOD_MATCH = YES;
				"CODE_SIGN_IDENTITY[sdk=iphoneos*]" = "iPhone Developer";
				COPY_PHASE_STRIP = NO;
				DEBUG_INFORMATION_FORMAT = "dwarf-with-dsym";
				ENABLE_NS_ASSERTIONS = NO;
				ENABLE_STRICT_OBJC_MSGSEND = YES;
				GCC_C_LANGUAGE_STANDARD = gnu99;
				GCC_NO_COMMON_BLOCKS = YES;
				GCC_WARN_64_TO_32_BIT_CONVERSION = YES;
				GCC_WARN_ABOUT_RETURN_TYPE = YES_ERROR;
				GCC_WARN_UNDECLARED_SELECTOR = YES;
				GCC_WARN_UNINITIALIZED_AUTOS = YES_AGGRESSIVE;
				GCC_WARN_UNUSED_FUNCTION = YES;
				GCC_WARN_UNUSED_VARIABLE = YES;
				IPHONEOS_DEPLOYMENT_TARGET = 9.0;
				MTL_ENABLE_DEBUG_INFO = NO;
				SDKROOT = iphoneos;
				VALIDATE_PRODUCT = YES;
			};
			name = Release;
		};
		5C5269A41BD057C00014DE21 /* Debug */ = {
			isa = XCBuildConfiguration;
			buildSettings = {
				ASSETCATALOG_COMPILER_APPICON_NAME = AppIcon;
				INFOPLIST_FILE = Blogosphere/Info.plist;
				IPHONEOS_DEPLOYMENT_TARGET = 9.0;
				LD_RUNPATH_SEARCH_PATHS = "$(inherited) @executable_path/Frameworks";
				PRODUCT_BUNDLE_IDENTIFIER = com.royallymore.Blogosphere;
				PRODUCT_NAME = "$(TARGET_NAME)";
			};
			name = Debug;
		};
		5C5269A51BD057C00014DE21 /* Release */ = {
			isa = XCBuildConfiguration;
			buildSettings = {
				ASSETCATALOG_COMPILER_APPICON_NAME = AppIcon;
				INFOPLIST_FILE = Blogosphere/Info.plist;
				IPHONEOS_DEPLOYMENT_TARGET = 9.0;
				LD_RUNPATH_SEARCH_PATHS = "$(inherited) @executable_path/Frameworks";
				PRODUCT_BUNDLE_IDENTIFIER = com.royallymore.Blogosphere;
				PRODUCT_NAME = "$(TARGET_NAME)";
			};
			name = Release;
		};
		5C5269A71BD057C00014DE21 /* Debug */ = {
			isa = XCBuildConfiguration;
			buildSettings = {
				BUNDLE_LOADER = "$(TEST_HOST)";
				INFOPLIST_FILE = BlogosphereTests/Info.plist;
				LD_RUNPATH_SEARCH_PATHS = "$(inherited) @executable_path/Frameworks @loader_path/Frameworks";
				PRODUCT_BUNDLE_IDENTIFIER = com.royallymore.BlogosphereTests;
				PRODUCT_NAME = "$(TARGET_NAME)";
				TEST_HOST = "$(BUILT_PRODUCTS_DIR)/Blogosphere.app/Blogosphere";
			};
			name = Debug;
		};
		5C5269A81BD057C00014DE21 /* Release */ = {
			isa = XCBuildConfiguration;
			buildSettings = {
				BUNDLE_LOADER = "$(TEST_HOST)";
				INFOPLIST_FILE = BlogosphereTests/Info.plist;
				LD_RUNPATH_SEARCH_PATHS = "$(inherited) @executable_path/Frameworks @loader_path/Frameworks";
				PRODUCT_BUNDLE_IDENTIFIER = com.royallymore.BlogosphereTests;
				PRODUCT_NAME = "$(TARGET_NAME)";
				TEST_HOST = "$(BUILT_PRODUCTS_DIR)/Blogosphere.app/Blogosphere";
			};
			name = Release;
		};
		5C5269AA1BD057C00014DE21 /* Debug */ = {
			isa = XCBuildConfiguration;
			buildSettings = {
				INFOPLIST_FILE = BlogosphereUITests/Info.plist;
				LD_RUNPATH_SEARCH_PATHS = "$(inherited) @executable_path/Frameworks @loader_path/Frameworks";
				PRODUCT_BUNDLE_IDENTIFIER = com.royallymore.BlogosphereUITests;
				PRODUCT_NAME = "$(TARGET_NAME)";
				TEST_TARGET_NAME = Blogosphere;
				USES_XCTRUNNER = YES;
			};
			name = Debug;
		};
		5C5269AB1BD057C00014DE21 /* Release */ = {
			isa = XCBuildConfiguration;
			buildSettings = {
				INFOPLIST_FILE = BlogosphereUITests/Info.plist;
				LD_RUNPATH_SEARCH_PATHS = "$(inherited) @executable_path/Frameworks @loader_path/Frameworks";
				PRODUCT_BUNDLE_IDENTIFIER = com.royallymore.BlogosphereUITests;
				PRODUCT_NAME = "$(TARGET_NAME)";
				TEST_TARGET_NAME = Blogosphere;
				USES_XCTRUNNER = YES;
			};
			name = Release;
		};
/* End XCBuildConfiguration section */

/* Begin XCConfigurationList section */
		5C5269711BD057C00014DE21 /* Build configuration list for PBXProject "Blogosphere" */ = {
			isa = XCConfigurationList;
			buildConfigurations = (
				5C5269A11BD057C00014DE21 /* Debug */,
				5C5269A21BD057C00014DE21 /* Release */,
			);
			defaultConfigurationIsVisible = 0;
			defaultConfigurationName = Release;
		};
		5C5269A31BD057C00014DE21 /* Build configuration list for PBXNativeTarget "Blogosphere" */ = {
			isa = XCConfigurationList;
			buildConfigurations = (
				5C5269A41BD057C00014DE21 /* Debug */,
				5C5269A51BD057C00014DE21 /* Release */,
			);
			defaultConfigurationIsVisible = 0;
		};
		5C5269A61BD057C00014DE21 /* Build configuration list for PBXNativeTarget "BlogosphereTests" */ = {
			isa = XCConfigurationList;
			buildConfigurations = (
				5C5269A71BD057C00014DE21 /* Debug */,
				5C5269A81BD057C00014DE21 /* Release */,
			);
			defaultConfigurationIsVisible = 0;
		};
		5C5269A91BD057C00014DE21 /* Build configuration list for PBXNativeTarget "BlogosphereUITests" */ = {
			isa = XCConfigurationList;
			buildConfigurations = (
				5C5269AA1BD057C00014DE21 /* Debug */,
				5C5269AB1BD057C00014DE21 /* Release */,
			);
			defaultConfigurationIsVisible = 0;
		};
/* End XCConfigurationList section */
	};
	rootObject = 5C52696E1BD057C00014DE21 /* Project object */;
}
